
Microsoft Visual Studio Solution File, Format Version 12.00
# Visual Studio Version 17
VisualStudioVersion = 17.0.31903.59
MinimumVisualStudioVersion = 10.0.40219.1
Project("{FAE04EC0-301F-11D3-BF4B-00C04F79EFBC}") = "CentroEventos.Aplicacion", "CentroEventos.Aplicacion\CentroEventos.Aplicacion.csproj", "{0B314222-8037-4AF2-ABB8-DCE421EDFC78}"
EndProject
Project("{FAE04EC0-301F-11D3-BF4B-00C04F79EFBC}") = "CentroEventos.Repositorios", "CentroEventos.Repositorios\CentroEventos.Repositorios.csproj", "{0CC7A4EF-2392-481C-BE56-E8A634E8D9CA}"
EndProject
Project("{FAE04EC0-301F-11D3-BF4B-00C04F79EFBC}") = "CentroEventos.Consola", "CentroEventos.Consola\CentroEventos.Consola.csproj", "{A45290E1-9CFE-4E63-A1A8-A28EA0A6F024}"
EndProject
Global
	GlobalSection(SolutionConfigurationPlatforms) = preSolution
		Debug|Any CPU = Debug|Any CPU
		Release|Any CPU = Release|Any CPU
	EndGlobalSection
	GlobalSection(SolutionProperties) = preSolution
		HideSolutionNode = FALSE
	EndGlobalSection
	GlobalSection(ProjectConfigurationPlatforms) = postSolution
		{0B314222-8037-4AF2-ABB8-DCE421EDFC78}.Debug|Any CPU.ActiveCfg = Debug|Any CPU
		{0B314222-8037-4AF2-ABB8-DCE421EDFC78}.Debug|Any CPU.Build.0 = Debug|Any CPU
		{0B314222-8037-4AF2-ABB8-DCE421EDFC78}.Release|Any CPU.ActiveCfg = Release|Any CPU
		{0B314222-8037-4AF2-ABB8-DCE421EDFC78}.Release|Any CPU.Build.0 = Release|Any CPU
		{0CC7A4EF-2392-481C-BE56-E8A634E8D9CA}.Debug|Any CPU.ActiveCfg = Debug|Any CPU
		{0CC7A4EF-2392-481C-BE56-E8A634E8D9CA}.Debug|Any CPU.Build.0 = Debug|Any CPU
		{0CC7A4EF-2392-481C-BE56-E8A634E8D9CA}.Release|Any CPU.ActiveCfg = Release|Any CPU
		{0CC7A4EF-2392-481C-BE56-E8A634E8D9CA}.Release|Any CPU.Build.0 = Release|Any CPU
		{A45290E1-9CFE-4E63-A1A8-A28EA0A6F024}.Debug|Any CPU.ActiveCfg = Debug|Any CPU
		{A45290E1-9CFE-4E63-A1A8-A28EA0A6F024}.Debug|Any CPU.Build.0 = Debug|Any CPU
		{A45290E1-9CFE-4E63-A1A8-A28EA0A6F024}.Release|Any CPU.ActiveCfg = Release|Any CPU
		{A45290E1-9CFE-4E63-A1A8-A28EA0A6F024}.Release|Any CPU.Build.0 = Release|Any CPU
	EndGlobalSection
EndGlobal
